
Microsoft Visual Studio Solution File, Format Version 12.00
# Visual Studio 15
VisualStudioVersion = 15.0.28307.902
MinimumVisualStudioVersion = 10.0.40219.1
Project("{8BC9CEB8-8B4A-11D0-8D11-00A0C91BC942}") = "Container With Most Water", "Container With Most Water\Container With Most Water.vcxproj", "{34C41231-F1D5-425F-820F-4B3156796FD5}"
EndProject
Global
	GlobalSection(SolutionConfigurationPlatforms) = preSolution
		Debug|x64 = Debug|x64
		Debug|x86 = Debug|x86
		Release|x64 = Release|x64
		Release|x86 = Release|x86
	EndGlobalSection
	GlobalSection(ProjectConfigurationPlatforms) = postSolution
		{34C41231-F1D5-425F-820F-4B3156796FD5}.Debug|x64.ActiveCfg = Debug|x64
		{34C41231-F1D5-425F-820F-4B3156796FD5}.Debug|x64.Build.0 = Debug|x64
		{34C41231-F1D5-425F-820F-4B3156796FD5}.Debug|x86.ActiveCfg = Debug|Win32
		{34C41231-F1D5-425F-820F-4B3156796FD5}.Debug|x86.Build.0 = Debug|Win32
		{34C41231-F1D5-425F-820F-4B3156796FD5}.Release|x64.ActiveCfg = Release|x64
		{34C41231-F1D5-425F-820F-4B3156796FD5}.Release|x64.Build.0 = Release|x64
		{34C41231-F1D5-425F-820F-4B3156796FD5}.Release|x86.ActiveCfg = Release|Win32
		{34C41231-F1D5-425F-820F-4B3156796FD5}.Release|x86.Build.0 = Release|Win32
	EndGlobalSection
	GlobalSection(SolutionProperties) = preSolution
		HideSolutionNode = FALSE
	EndGlobalSection
	GlobalSection(ExtensibilityGlobals) = postSolution
		SolutionGuid = {B196AAFF-C50D-414D-8B2F-527305040EE5}
	EndGlobalSection
EndGlobal
